
Microsoft Visual Studio Solution File, Format Version 12.00
# Visual Studio Version 16
VisualStudioVersion = 16.0.30204.135
MinimumVisualStudioVersion = 10.0.40219.1
Project("{FAE04EC0-301F-11D3-BF4B-00C04F79EFBC}") = "CW_Array_Diff", "CW_Array_Diff\CW_Array_Diff.csproj", "{1AC2DA97-2D2E-4A67-918C-D1A43DCD870D}"
EndProject
Global
	GlobalSection(SolutionConfigurationPlatforms) = preSolution
		Debug|Any CPU = Debug|Any CPU
		Release|Any CPU = Release|Any CPU
	EndGlobalSection
	GlobalSection(ProjectConfigurationPlatforms) = postSolution
		{1AC2DA97-2D2E-4A67-918C-D1A43DCD870D}.Debug|Any CPU.ActiveCfg = Debug|Any CPU
		{1AC2DA97-2D2E-4A67-918C-D1A43DCD870D}.Debug|Any CPU.Build.0 = Debug|Any CPU
		{1AC2DA97-2D2E-4A67-918C-D1A43DCD870D}.Release|Any CPU.ActiveCfg = Release|Any CPU
		{1AC2DA97-2D2E-4A67-918C-D1A43DCD870D}.Release|Any CPU.Build.0 = Release|Any CPU
	EndGlobalSection
	GlobalSection(SolutionProperties) = preSolution
		HideSolutionNode = FALSE
	EndGlobalSection
	GlobalSection(ExtensibilityGlobals) = postSolution
		SolutionGuid = {7777DA20-781E-46B2-BE90-694E4FE843C9}
	EndGlobalSection
EndGlobal
